{
  "requires": true,
  "lockfileVersion": 1,
  "dependencies": {
    "@syncfusion/ej2-angular-base": {
      "version": "18.4.30",
      "resolved": "https://registry.npmjs.org/@syncfusion/ej2-angular-base/-/ej2-angular-base-18.4.30.tgz",
      "integrity": "sha512-kD1YxNh7VFkxv95iCJK3qbQf2Ot3Yd8v+ekU3AIpgI7p9d9TkkVB1TMm6CnM5eGWfVnriY1d8WnqFqM4yrT1NQ==",
      "requires": {
        "@syncfusion/ej2-base": "~18.4.30",
        "@syncfusion/ej2-icons": "~18.4.30",
        "core-js": "^3.4.8",
        "reflect-metadata": "^0.1.9",
        "rxjs": "^6.5.4",
        "rxjs-compat": "^6.5.4",
        "zone.js": "^0.10.2"
      }
    },
    "@syncfusion/ej2-angular-diagrams": {
      "version": "18.4.32",
      "resolved": "https://registry.npmjs.org/@syncfusion/ej2-angular-diagrams/-/ej2-angular-diagrams-18.4.32.tgz",
      "integrity": "sha512-T7kh+Gq21YnPXigdCIGWm2wNA3+N8cEWryngddCXboOrFz54c0oyiThyNhstQdzGmcNrJ7l0uvyfrNpVuHH3PA==",
      "requires": {
        "@syncfusion/ej2-angular-base": "~18.4.30",
        "@syncfusion/ej2-base": "~18.4.31",
        "@syncfusion/ej2-diagrams": "18.4.32",
        "@types/lodash": "4.14.159",
        "@types/node": "11.15.20"
      }
    },
    "@syncfusion/ej2-base": {
      "version": "18.4.31",
      "resolved": "https://registry.npmjs.org/@syncfusion/ej2-base/-/ej2-base-18.4.31.tgz",
      "integrity": "sha512-WT4SAqqk+igTs4jK6h8hylFd1VZWhuactRHSvVqdf1b3XHqG64BSyEEnMpQO3VynAkd66nNdnyUuaMPIIyCtdA==",
      "requires": {
        "@syncfusion/ej2-icons": "~18.4.30"
      }
    },
    "@syncfusion/ej2-buttons": {
      "version": "18.4.33",
      "resolved": "https://registry.npmjs.org/@syncfusion/ej2-buttons/-/ej2-buttons-18.4.33.tgz",
      "integrity": "sha512-fjn9LkrPyqt3r9+aMF51C334LlVTjqpubwz3QYkpfD33rWN6ZeoetodYBaWKsEniWPhJMO2nv0mJyzl9x+tPbQ==",
      "requires": {
        "@syncfusion/ej2-base": "~18.4.31"
      }
    },
    "@syncfusion/ej2-data": {
      "version": "18.4.33",
      "resolved": "https://registry.npmjs.org/@syncfusion/ej2-data/-/ej2-data-18.4.33.tgz",
      "integrity": "sha512-Ub51Jzc/aYfxXXWsUa2noIs6R4qEBlpG2vi/OiSn6cNA0i7RuEms58ZRF62ViDalX7oz5dWe8HymDlj2CVPXQg==",
      "requires": {
        "@syncfusion/ej2-base": "~18.4.31"
      }
    },
    "@syncfusion/ej2-diagrams": {
      "version": "18.4.32",
      "resolved": "https://registry.npmjs.org/@syncfusion/ej2-diagrams/-/ej2-diagrams-18.4.32.tgz",
      "integrity": "sha512-3fuphF5tFuZqZ7ftVnBa7gsFHkdAFizrQKLdM0Z4ii9SelxCUKtkSyrdAbVSN+VXNXSBl7Hp4libl8fM6eLtXA==",
      "requires": {
        "@syncfusion/ej2-base": "~18.4.31",
        "@syncfusion/ej2-buttons": "~18.4.30",
        "@syncfusion/ej2-data": "~18.4.30",
        "@syncfusion/ej2-inputs": "~18.4.32",
        "@syncfusion/ej2-lists": "~18.4.32",
        "@syncfusion/ej2-navigations": "~18.4.31",
        "@syncfusion/ej2-popups": "~18.4.30"
      }
    },
    "@syncfusion/ej2-icons": {
      "version": "18.4.30",
      "resolved": "https://registry.npmjs.org/@syncfusion/ej2-icons/-/ej2-icons-18.4.30.tgz",
      "integrity": "sha512-kUSNE0xglgwXdIsfXFpa4so9hLRUkvxEsSbZIZhhrJrc7Z8Y3Y7O8HUM9+rIJzY6cLG8KWy+A8tBO9qVADujfQ=="
    },
    "@syncfusion/ej2-inputs": {
      "version": "18.4.33",
      "resolved": "https://registry.npmjs.org/@syncfusion/ej2-inputs/-/ej2-inputs-18.4.33.tgz",
      "integrity": "sha512-wYOdge4ZdSqMQ5iLGoURpSXm6zadhdEnZQkoYGkUOCVxSH8nJmPkz+tOPwLllmtqUFqqgCMtOST7rBYJrYYUbw==",
      "requires": {
        "@syncfusion/ej2-base": "~18.4.31",
        "@syncfusion/ej2-buttons": "~18.4.33",
        "@syncfusion/ej2-popups": "~18.4.30",
        "@syncfusion/ej2-splitbuttons": "~18.4.31"
      }
    },
    "@syncfusion/ej2-lists": {
      "version": "18.4.32",
      "resolved": "https://registry.npmjs.org/@syncfusion/ej2-lists/-/ej2-lists-18.4.32.tgz",
      "integrity": "sha512-+OuVnpPbGlnfms/CGUtsp5EsRrWOUXcqfzoDpZzRfzIWxBKHwWJRQ0lgQQJrLAoDPHjuvibM77U2WHvJBxgdgQ==",
      "requires": {
        "@syncfusion/ej2-base": "~18.4.31",
        "@syncfusion/ej2-buttons": "~18.4.30",
        "@syncfusion/ej2-data": "~18.4.30"
      }
    },
    "@syncfusion/ej2-navigations": {
      "version": "18.4.33",
      "resolved": "https://registry.npmjs.org/@syncfusion/ej2-navigations/-/ej2-navigations-18.4.33.tgz",
      "integrity": "sha512-tNXg+sbh21DQguN3RQ2WqozAKyCewH03bdSivk/Rq9hjQN6Ot3LGUxsUdB8mW/XPvwdW9rx0Hye6vU+HKp5jow==",
      "requires": {
        "@syncfusion/ej2-base": "~18.4.31",
        "@syncfusion/ej2-buttons": "~18.4.33",
        "@syncfusion/ej2-data": "~18.4.33",
        "@syncfusion/ej2-inputs": "~18.4.33",
        "@syncfusion/ej2-lists": "~18.4.32",
        "@syncfusion/ej2-popups": "~18.4.30"
      }
    },
    "@syncfusion/ej2-popups": {
      "version": "18.4.30",
      "resolved": "https://registry.npmjs.org/@syncfusion/ej2-popups/-/ej2-popups-18.4.30.tgz",
      "integrity": "sha512-APNzfUuWkM5lywV6/+/DYQGePMj/JhoAlrYI9OO8GNSMZj8xtSnWSkybUVLJyIgPQfh5B3YP7TsV1bjTC6fhXg==",
      "requires": {
        "@syncfusion/ej2-base": "~18.4.30",
        "@syncfusion/ej2-buttons": "~18.4.30"
      }
    },
    "@syncfusion/ej2-splitbuttons": {
      "version": "18.4.31",
      "resolved": "https://registry.npmjs.org/@syncfusion/ej2-splitbuttons/-/ej2-splitbuttons-18.4.31.tgz",
      "integrity": "sha512-GJ/eaWCCNZlWoTXWO4u9Nax6e0pgGObowJ2kk+E8l6PfYXSp3w99ze7pwmRXxSaSWXwBL1jxY4j4GD6ewoyNNg==",
      "requires": {
        "@syncfusion/ej2-base": "~18.4.31",
        "@syncfusion/ej2-popups": "~18.4.30"
      }
    },
    "@types/lodash": {
      "version": "4.14.159",
      "resolved": "https://registry.npmjs.org/@types/lodash/-/lodash-4.14.159.tgz",
      "integrity": "sha512-gF7A72f7WQN33DpqOWw9geApQPh4M3PxluMtaHxWHXEGSN12/WbcEk/eNSqWNQcQhF66VSZ06vCF94CrHwXJDg=="
    },
    "@types/node": {
      "version": "11.15.20",
      "resolved": "https://registry.npmjs.org/@types/node/-/node-11.15.20.tgz",
      "integrity": "sha512-DY2QwdrBqNlsxdMehwzUtSsWHgYYPLVCAuXvOcu3wkzYmchbRunQ7OEZFOrmFoBLfA1ysz2Ypr6vtNP9WQkUaQ=="
    },
    "core-js": {
      "version": "3.8.2",
      "resolved": "https://registry.npmjs.org/core-js/-/core-js-3.8.2.tgz",
      "integrity": "sha512-FfApuSRgrR6G5s58casCBd9M2k+4ikuu4wbW6pJyYU7bd9zvFc9qf7vr5xmrZOhT9nn+8uwlH1oRR9jTnFoA3A=="
    },
    "reflect-metadata": {
      "version": "0.1.13",
      "resolved": "https://registry.npmjs.org/reflect-metadata/-/reflect-metadata-0.1.13.tgz",
      "integrity": "sha512-Ts1Y/anZELhSsjMcU605fU9RE4Oi3p5ORujwbIKXfWa+0Zxs510Qrmrce5/Jowq3cHSZSJqBjypxmHarc+vEWg=="
    },
    "rxjs": {
      "version": "6.6.3",
      "resolved": "https://registry.npmjs.org/rxjs/-/rxjs-6.6.3.tgz",
      "integrity": "sha512-trsQc+xYYXZ3urjOiJOuCOa5N3jAZ3eiSpQB5hIT8zGlL2QfnHLJ2r7GMkBGuIausdJN1OneaI6gQlsqNHHmZQ==",
      "requires": {
        "tslib": "^1.9.0"
      }
    },
    "rxjs-compat": {
      "version": "6.6.3",
      "resolved": "https://registry.npmjs.org/rxjs-compat/-/rxjs-compat-6.6.3.tgz",
      "integrity": "sha512-y+wUqq7bS2dG+7rH2fNMoxsDiJ32RQzFxZQE/JdtpnmEZmwLQrb1tCiItyHxdXJHXjmHnnzFscn3b6PEmORGKw=="
    },
    "tslib": {
      "version": "1.14.1",
      "resolved": "https://registry.npmjs.org/tslib/-/tslib-1.14.1.tgz",
      "integrity": "sha512-Xni35NKzjgMrwevysHTCArtLDpPvye8zV/0E4EyYn43P7/7qvQwPh9BGkHewbMulVntbigmcT7rdX3BNo9wRJg=="
    },
    "zone.js": {
      "version": "0.10.3",
      "resolved": "https://registry.npmjs.org/zone.js/-/zone.js-0.10.3.tgz",
      "integrity": "sha512-LXVLVEq0NNOqK/fLJo3d0kfzd4sxwn2/h67/02pjCjfKDxgx1i9QqpvtHD8CrBnSSwMw5+dy11O7FRX5mkO7Cg=="
    }
  }
}
